
Microsoft Visual Studio Solution File, Format Version 11.00
# Visual Studio 2010
Project("{FAE04EC0-301F-11D3-BF4B-00C04F79EFBC}") = "Assembly-CSharp", "Assembly-CSharp.csproj", "{4CA9C782-F142-BEFA-AAFC-3CD463AB8BC6}"
EndProject
Project("{FAE04EC0-301F-11D3-BF4B-00C04F79EFBC}") = "Assembly-CSharp-Editor", "Assembly-CSharp-Editor.csproj", "{AA666830-23DC-7591-3832-57BAE057FED4}"
EndProject
Global
	GlobalSection(SolutionConfigurationPlatforms) = preSolution
		Debug|Any CPU = Debug|Any CPU
		Release|Any CPU = Release|Any CPU
	EndGlobalSection
	GlobalSection(ProjectConfigurationPlatforms) = postSolution
		{4CA9C782-F142-BEFA-AAFC-3CD463AB8BC6}.Debug|Any CPU.ActiveCfg = Debug|Any CPU
		{4CA9C782-F142-BEFA-AAFC-3CD463AB8BC6}.Debug|Any CPU.Build.0 = Debug|Any CPU
		{4CA9C782-F142-BEFA-AAFC-3CD463AB8BC6}.Release|Any CPU.ActiveCfg = Release|Any CPU
		{4CA9C782-F142-BEFA-AAFC-3CD463AB8BC6}.Release|Any CPU.Build.0 = Release|Any CPU
		{AA666830-23DC-7591-3832-57BAE057FED4}.Debug|Any CPU.ActiveCfg = Debug|Any CPU
		{AA666830-23DC-7591-3832-57BAE057FED4}.Debug|Any CPU.Build.0 = Debug|Any CPU
		{AA666830-23DC-7591-3832-57BAE057FED4}.Release|Any CPU.ActiveCfg = Release|Any CPU
		{AA666830-23DC-7591-3832-57BAE057FED4}.Release|Any CPU.Build.0 = Release|Any CPU
	EndGlobalSection
	GlobalSection(SolutionProperties) = preSolution
		HideSolutionNode = FALSE
	EndGlobalSection
EndGlobal
